
Microsoft Visual Studio Solution File, Format Version 11.00
# Visual Studio 2010
Project("{FAE04EC0-301F-11D3-BF4B-00C04F79EFBC}") = "BartaBence_Ultimate_Chicken_Horse", "Assembly-CSharp.csproj", "{9C16CBF9-573D-3F87-7A29-66B7455770EB}"
EndProject
Project("{FAE04EC0-301F-11D3-BF4B-00C04F79EFBC}") = "BartaBence_Ultimate_Chicken_Horse", "Assembly-CSharp-Editor.csproj", "{BC042948-335E-BE8B-C451-D8A5D6DE5C2C}"
EndProject
Global
	GlobalSection(SolutionConfigurationPlatforms) = preSolution
		Debug|Any CPU = Debug|Any CPU
		Release|Any CPU = Release|Any CPU
	EndGlobalSection
	GlobalSection(ProjectConfigurationPlatforms) = postSolution
		{9C16CBF9-573D-3F87-7A29-66B7455770EB}.Debug|Any CPU.ActiveCfg = Debug|Any CPU
		{9C16CBF9-573D-3F87-7A29-66B7455770EB}.Debug|Any CPU.Build.0 = Debug|Any CPU
		{9C16CBF9-573D-3F87-7A29-66B7455770EB}.Release|Any CPU.ActiveCfg = Release|Any CPU
		{9C16CBF9-573D-3F87-7A29-66B7455770EB}.Release|Any CPU.Build.0 = Release|Any CPU
		{BC042948-335E-BE8B-C451-D8A5D6DE5C2C}.Debug|Any CPU.ActiveCfg = Debug|Any CPU
		{BC042948-335E-BE8B-C451-D8A5D6DE5C2C}.Debug|Any CPU.Build.0 = Debug|Any CPU
		{BC042948-335E-BE8B-C451-D8A5D6DE5C2C}.Release|Any CPU.ActiveCfg = Release|Any CPU
		{BC042948-335E-BE8B-C451-D8A5D6DE5C2C}.Release|Any CPU.Build.0 = Release|Any CPU
	EndGlobalSection
	GlobalSection(SolutionProperties) = preSolution
		HideSolutionNode = FALSE
	EndGlobalSection
	GlobalSection(MonoDevelopProperties) = preSolution
		StartupItem = Assembly-CSharp.csproj
	EndGlobalSection
EndGlobal
